
Microsoft Visual Studio Solution File, Format Version 12.00
# Visual Studio Version 16
VisualStudioVersion = 16.0.31424.327
MinimumVisualStudioVersion = 10.0.40219.1
Project("{FAE04EC0-301F-11D3-BF4B-00C04F79EFBC}") = "Scripts", "Scripts.csproj", "{2344E319-EFB5-4960-B82E-B4FB2F68E0F6}"
EndProject
Global
	GlobalSection(SolutionConfigurationPlatforms) = preSolution
		Debug|Any CPU = Debug|Any CPU
		Release|Any CPU = Release|Any CPU
	EndGlobalSection
	GlobalSection(ProjectConfigurationPlatforms) = postSolution
		{2344E319-EFB5-4960-B82E-B4FB2F68E0F6}.Debug|Any CPU.ActiveCfg = Debug|Any CPU
		{2344E319-EFB5-4960-B82E-B4FB2F68E0F6}.Debug|Any CPU.Build.0 = Debug|Any CPU
		{2344E319-EFB5-4960-B82E-B4FB2F68E0F6}.Release|Any CPU.ActiveCfg = Release|Any CPU
		{2344E319-EFB5-4960-B82E-B4FB2F68E0F6}.Release|Any CPU.Build.0 = Release|Any CPU
	EndGlobalSection
	GlobalSection(SolutionProperties) = preSolution
		HideSolutionNode = FALSE
	EndGlobalSection
	GlobalSection(ExtensibilityGlobals) = postSolution
		SolutionGuid = {3FD61DAF-0054-4F80-A045-6440110B44E2}
	EndGlobalSection
EndGlobal
